
Microsoft Visual Studio Solution File, Format Version 12.00
# Visual Studio 2013
VisualStudioVersion = 12.0.31101.0
MinimumVisualStudioVersion = 10.0.40219.1
Project("{FAE04EC0-301F-11D3-BF4B-00C04F79EFBC}") = "FacadePattern", "FacadePattern\FacadePattern.csproj", "{45DAF3C9-05E6-42D0-8383-D57A65E8725C}"
EndProject
Project("{FAE04EC0-301F-11D3-BF4B-00C04F79EFBC}") = "FacadePattern.BankWithdrawal", "FacadePattern.BankWithdrawal\FacadePattern.BankWithdrawal.csproj", "{918B4DF6-81EC-4F44-8CD7-DCDDF51A7B8C}"
EndProject
Global
	GlobalSection(SolutionConfigurationPlatforms) = preSolution
		Debug|Any CPU = Debug|Any CPU
		Release|Any CPU = Release|Any CPU
	EndGlobalSection
	GlobalSection(ProjectConfigurationPlatforms) = postSolution
		{45DAF3C9-05E6-42D0-8383-D57A65E8725C}.Debug|Any CPU.ActiveCfg = Debug|Any CPU
		{45DAF3C9-05E6-42D0-8383-D57A65E8725C}.Debug|Any CPU.Build.0 = Debug|Any CPU
		{45DAF3C9-05E6-42D0-8383-D57A65E8725C}.Release|Any CPU.ActiveCfg = Release|Any CPU
		{45DAF3C9-05E6-42D0-8383-D57A65E8725C}.Release|Any CPU.Build.0 = Release|Any CPU
		{918B4DF6-81EC-4F44-8CD7-DCDDF51A7B8C}.Debug|Any CPU.ActiveCfg = Debug|Any CPU
		{918B4DF6-81EC-4F44-8CD7-DCDDF51A7B8C}.Debug|Any CPU.Build.0 = Debug|Any CPU
		{918B4DF6-81EC-4F44-8CD7-DCDDF51A7B8C}.Release|Any CPU.ActiveCfg = Release|Any CPU
		{918B4DF6-81EC-4F44-8CD7-DCDDF51A7B8C}.Release|Any CPU.Build.0 = Release|Any CPU
	EndGlobalSection
	GlobalSection(SolutionProperties) = preSolution
		HideSolutionNode = FALSE
	EndGlobalSection
EndGlobal
